// !$*UTF8*$!
{
	archiveVersion = 1;
	classes = {
	};
	objectVersion = 56;
	objects = {

/* Begin PBXBuildFile section */
		BDFD76FD2C5417CC009FB330 /* NavigationalApp.swift in Sources */ = {isa = PBXBuildFile; fileRef = BDFD76FC2C5417CC009FB330 /* NavigationalApp.swift */; };
		BDFD76FF2C5417CC009FB330 /* ContentView.swift in Sources */ = {isa = PBXBuildFile; fileRef = BDFD76FE2C5417CC009FB330 /* ContentView.swift */; };
		BDFD77012C5417CE009FB330 /* Assets.xcassets in Resources */ = {isa = PBXBuildFile; fileRef = BDFD77002C5417CE009FB330 /* Assets.xcassets */; };
		BDFD77042C5417CE009FB330 /* Preview Assets.xcassets in Resources */ = {isa = PBXBuildFile; fileRef = BDFD77032C5417CE009FB330 /* Preview Assets.xcassets */; };
		BDFD770E2C5417CE009FB330 /* NavigationalTests.swift in Sources */ = {isa = PBXBuildFile; fileRef = BDFD770D2C5417CE009FB330 /* NavigationalTests.swift */; };
		BDFD77182C5417CE009FB330 /* NavigationalUITests.swift in Sources */ = {isa = PBXBuildFile; fileRef = BDFD77172C5417CE009FB330 /* NavigationalUITests.swift */; };
		BDFD771A2C5417CE009FB330 /* NavigationalUITestsLaunchTests.swift in Sources */ = {isa = PBXBuildFile; fileRef = BDFD77192C5417CE009FB330 /* NavigationalUITestsLaunchTests.swift */; };
		BDFD77272C541A1B009FB330 /* secondView.swift in Sources */ = {isa = PBXBuildFile; fileRef = BDFD77262C541A1B009FB330 /* secondView.swift */; };
/* End PBXBuildFile section */

/* Begin PBXContainerItemProxy section */
		BDFD770A2C5417CE009FB330 /* PBXContainerItemProxy */ = {
			isa = PBXContainerItemProxy;
			containerPortal = BDFD76F12C5417CC009FB330 /* Project object */;
			proxyType = 1;
			remoteGlobalIDString = BDFD76F82C5417CC009FB330;
			remoteInfo = Navigational;
		};
		BDFD77142C5417CE009FB330 /* PBXContainerItemProxy */ = {
			isa = PBXContainerItemProxy;
			containerPortal = BDFD76F12C5417CC009FB330 /* Project object */;
			proxyType = 1;
			remoteGlobalIDString = BDFD76F82C5417CC009FB330;
			remoteInfo = Navigational;
		};
/* End PBXContainerItemProxy section */

/* Begin PBXFileReference section */
		BDFD76F92C5417CC009FB330 /* Navigational.app */ = {isa = PBXFileReference; explicitFileType = wrapper.application; includeInIndex = 0; path = Navigational.app; sourceTree = BUILT_PRODUCTS_DIR; };
		BDFD76FC2C5417CC009FB330 /* NavigationalApp.swift */ = {isa = PBXFileReference; lastKnownFileType = sourcecode.swift; path = NavigationalApp.swift; sourceTree = "<group>"; };
		BDFD76FE2C5417CC009FB330 /* ContentView.swift */ = {isa = PBXFileReference; lastKnownFileType = sourcecode.swift; path = ContentView.swift; sourceTree = "<group>"; };
		BDFD77002C5417CE009FB330 /* Assets.xcassets */ = {isa = PBXFileReference; lastKnownFileType = folder.assetcatalog; path = Assets.xcassets; sourceTree = "<group>"; };
		BDFD77032C5417CE009FB330 /* Preview Assets.xcassets */ = {isa = PBXFileReference; lastKnownFileType = folder.assetcatalog; path = "Preview Assets.xcassets"; sourceTree = "<group>"; };
		BDFD77092C5417CE009FB330 /* NavigationalTests.xctest */ = {isa = PBXFileReference; explicitFileType = wrapper.cfbundle; includeInIndex = 0; path = NavigationalTests.xctest; sourceTree = BUILT_PRODUCTS_DIR; };
		BDFD770D2C5417CE009FB330 /* NavigationalTests.swift */ = {isa = PBXFileReference; lastKnownFileType = sourcecode.swift; path = NavigationalTests.swift; sourceTree = "<group>"; };
		BDFD77132C5417CE009FB330 /* NavigationalUITests.xctest */ = {isa = PBXFileReference; explicitFileType = wrapper.cfbundle; includeInIndex = 0; path = NavigationalUITests.xctest; sourceTree = BUILT_PRODUCTS_DIR; };
		BDFD77172C5417CE009FB330 /* NavigationalUITests.swift */ = {isa = PBXFileReference; lastKnownFileType = sourcecode.swift; path = NavigationalUITests.swift; sourceTree = "<group>"; };
		BDFD77192C5417CE009FB330 /* NavigationalUITestsLaunchTests.swift */ = {isa = PBXFileReference; lastKnownFileType = sourcecode.swift; path = NavigationalUITestsLaunchTests.swift; sourceTree = "<group>"; };
		BDFD77262C541A1B009FB330 /* secondView.swift */ = {isa = PBXFileReference; lastKnownFileType = sourcecode.swift; path = secondView.swift; sourceTree = "<group>"; };
/* End PBXFileReference section */

/* Begin PBXFrameworksBuildPhase section */
		BDFD76F62C5417CC009FB330 /* Frameworks */ = {
			isa = PBXFrameworksBuildPhase;
			buildActionMask = 2147483647;
			files = (
			);
			runOnlyForDeploymentPostprocessing = 0;
		};
		BDFD77062C5417CE009FB330 /* Frameworks */ = {
			isa = PBXFrameworksBuildPhase;
			buildActionMask = 2147483647;
			files = (
			);
			runOnlyForDeploymentPostprocessing = 0;
		};
		BDFD77102C5417CE009FB330 /* Frameworks */ = {
			isa = PBXFrameworksBuildPhase;
			buildActionMask = 2147483647;
			files = (
			);
			runOnlyForDeploymentPostprocessing = 0;
		};
/* End PBXFrameworksBuildPhase section */

/* Begin PBXGroup section */
		BDFD76F02C5417CC009FB330 = {
			isa = PBXGroup;
			children = (
				BDFD76FB2C5417CC009FB330 /* Navigational */,
				BDFD770C2C5417CE009FB330 /* NavigationalTests */,
				BDFD77162C5417CE009FB330 /* NavigationalUITests */,
				BDFD76FA2C5417CC009FB330 /* Products */,
			);
			sourceTree = "<group>";
		};
		BDFD76FA2C5417CC009FB330 /* Products */ = {
			isa = PBXGroup;
			children = (
				BDFD76F92C5417CC009FB330 /* Navigational.app */,
				BDFD77092C5417CE009FB330 /* NavigationalTests.xctest */,
				BDFD77132C5417CE009FB330 /* NavigationalUITests.xctest */,
			);
			name = Products;
			sourceTree = "<group>";
		};
		BDFD76FB2C5417CC009FB330 /* Navigational */ = {
			isa = PBXGroup;
			children = (
				BDFD76FC2C5417CC009FB330 /* NavigationalApp.swift */,
				BDFD76FE2C5417CC009FB330 /* ContentView.swift */,
				BDFD77262C541A1B009FB330 /* secondView.swift */,
				BDFD77002C5417CE009FB330 /* Assets.xcassets */,
				BDFD77022C5417CE009FB330 /* Preview Content */,
			);
			path = Navigational;
			sourceTree = "<group>";
		};
		BDFD77022C5417CE009FB330 /* Preview Content */ = {
			isa = PBXGroup;
			children = (
				BDFD77032C5417CE009FB330 /* Preview Assets.xcassets */,
			);
			path = "Preview Content";
			sourceTree = "<group>";
		};
		BDFD770C2C5417CE009FB330 /* NavigationalTests */ = {
			isa = PBXGroup;
			children = (
				BDFD770D2C5417CE009FB330 /* NavigationalTests.swift */,
			);
			path = NavigationalTests;
			sourceTree = "<group>";
		};
		BDFD77162C5417CE009FB330 /* NavigationalUITests */ = {
			isa = PBXGroup;
			children = (
				BDFD77172C5417CE009FB330 /* NavigationalUITests.swift */,
				BDFD77192C5417CE009FB330 /* NavigationalUITestsLaunchTests.swift */,
			);
			path = NavigationalUITests;
			sourceTree = "<group>";
		};
/* End PBXGroup section */

/* Begin PBXNativeTarget section */
		BDFD76F82C5417CC009FB330 /* Navigational */ = {
			isa = PBXNativeTarget;
			buildConfigurationList = BDFD771D2C5417CE009FB330 /* Build configuration list for PBXNativeTarget "Navigational" */;
			buildPhases = (
				BDFD76F52C5417CC009FB330 /* Sources */,
				BDFD76F62C5417CC009FB330 /* Frameworks */,
				BDFD76F72C5417CC009FB330 /* Resources */,
			);
			buildRules = (
			);
			dependencies = (
			);
			name = Navigational;
			productName = Navigational;
			productReference = BDFD76F92C5417CC009FB330 /* Navigational.app */;
			productType = "com.apple.product-type.application";
		};
		BDFD77082C5417CE009FB330 /* NavigationalTests */ = {
			isa = PBXNativeTarget;
			buildConfigurationList = BDFD77202C5417CE009FB330 /* Build configuration list for PBXNativeTarget "NavigationalTests" */;
			buildPhases = (
				BDFD77052C5417CE009FB330 /* Sources */,
				BDFD77062C5417CE009FB330 /* Frameworks */,
				BDFD77072C5417CE009FB330 /* Resources */,
			);
			buildRules = (
			);
			dependencies = (
				BDFD770B2C5417CE009FB330 /* PBXTargetDependency */,
			);
			name = NavigationalTests;
			productName = NavigationalTests;
			productReference = BDFD77092C5417CE009FB330 /* NavigationalTests.xctest */;
			productType = "com.apple.product-type.bundle.unit-test";
		};
		BDFD77122C5417CE009FB330 /* NavigationalUITests */ = {
			isa = PBXNativeTarget;
			buildConfigurationList = BDFD77232C5417CE009FB330 /* Build configuration list for PBXNativeTarget "NavigationalUITests" */;
			buildPhases = (
				BDFD770F2C5417CE009FB330 /* Sources */,
				BDFD77102C5417CE009FB330 /* Frameworks */,
				BDFD77112C5417CE009FB330 /* Resources */,
			);
			buildRules = (
			);
			dependencies = (
				BDFD77152C5417CE009FB330 /* PBXTargetDependency */,
			);
			name = NavigationalUITests;
			productName = NavigationalUITests;
			productReference = BDFD77132C5417CE009FB330 /* NavigationalUITests.xctest */;
			productType = "com.apple.product-type.bundle.ui-testing";
		};
/* End PBXNativeTarget section */

/* Begin PBXProject section */
		BDFD76F12C5417CC009FB330 /* Project object */ = {
			isa = PBXProject;
			attributes = {
				BuildIndependentTargetsInParallel = 1;
				LastSwiftUpdateCheck = 1540;
				LastUpgradeCheck = 1540;
				TargetAttributes = {
					BDFD76F82C5417CC009FB330 = {
						CreatedOnToolsVersion = 15.4;
					};
					BDFD77082C5417CE009FB330 = {
						CreatedOnToolsVersion = 15.4;
						TestTargetID = BDFD76F82C5417CC009FB330;
					};
					BDFD77122C5417CE009FB330 = {
						CreatedOnToolsVersion = 15.4;
						TestTargetID = BDFD76F82C5417CC009FB330;
					};
				};
			};
			buildConfigurationList = BDFD76F42C5417CC009FB330 /* Build configuration list for PBXProject "Navigational" */;
			compatibilityVersion = "Xcode 14.0";
			developmentRegion = en;
			hasScannedForEncodings = 0;
			knownRegions = (
				en,
				Base,
			);
			mainGroup = BDFD76F02C5417CC009FB330;
			productRefGroup = BDFD76FA2C5417CC009FB330 /* Products */;
			projectDirPath = "";
			projectRoot = "";
			targets = (
				BDFD76F82C5417CC009FB330 /* Navigational */,
				BDFD77082C5417CE009FB330 /* NavigationalTests */,
				BDFD77122C5417CE009FB330 /* NavigationalUITests */,
			);
		};
/* End PBXProject section */

/* Begin PBXResourcesBuildPhase section */
		BDFD76F72C5417CC009FB330 /* Resources */ = {
			isa = PBXResourcesBuildPhase;
			buildActionMask = 2147483647;
			files = (
				BDFD77042C5417CE009FB330 /* Preview Assets.xcassets in Resources */,
				BDFD77012C5417CE009FB330 /* Assets.xcassets in Resources */,
			);
			runOnlyForDeploymentPostprocessing = 0;
		};
		BDFD77072C5417CE009FB330 /* Resources */ = {
			isa = PBXResourcesBuildPhase;
			buildActionMask = 2147483647;
			files = (
			);
			runOnlyForDeploymentPostprocessing = 0;
		};
		BDFD77112C5417CE009FB330 /* Resources */ = {
			isa = PBXResourcesBuildPhase;
			buildActionMask = 2147483647;
			files = (
			);
			runOnlyForDeploymentPostprocessing = 0;
		};
/* End PBXResourcesBuildPhase section */

/* Begin PBXSourcesBuildPhase section */
		BDFD76F52C5417CC009FB330 /* Sources */ = {
			isa = PBXSourcesBuildPhase;
			buildActionMask = 2147483647;
			files = (
				BDFD76FF2C5417CC009FB330 /* ContentView.swift in Sources */,
				BDFD77272C541A1B009FB330 /* secondView.swift in Sources */,
				BDFD76FD2C5417CC009FB330 /* NavigationalApp.swift in Sources */,
			);
			runOnlyForDeploymentPostprocessing = 0;
		};
		BDFD77052C5417CE009FB330 /* Sources */ = {
			isa = PBXSourcesBuildPhase;
			buildActionMask = 2147483647;
			files = (
				BDFD770E2C5417CE009FB330 /* NavigationalTests.swift in Sources */,
			);
			runOnlyForDeploymentPostprocessing = 0;
		};
		BDFD770F2C5417CE009FB330 /* Sources */ = {
			isa = PBXSourcesBuildPhase;
			buildActionMask = 2147483647;
			files = (
				BDFD77182C5417CE009FB330 /* NavigationalUITests.swift in Sources */,
				BDFD771A2C5417CE009FB330 /* NavigationalUITestsLaunchTests.swift in Sources */,
			);
			runOnlyForDeploymentPostprocessing = 0;
		};
/* End PBXSourcesBuildPhase section */

/* Begin PBXTargetDependency section */
		BDFD770B2C5417CE009FB330 /* PBXTargetDependency */ = {
			isa = PBXTargetDependency;
			target = BDFD76F82C5417CC009FB330 /* Navigational */;
			targetProxy = BDFD770A2C5417CE009FB330 /* PBXContainerItemProxy */;
		};
		BDFD77152C5417CE009FB330 /* PBXTargetDependency */ = {
			isa = PBXTargetDependency;
			target = BDFD76F82C5417CC009FB330 /* Navigational */;
			targetProxy = BDFD77142C5417CE009FB330 /* PBXContainerItemProxy */;
		};
/* End PBXTargetDependency section */

/* Begin XCBuildConfiguration section */
		BDFD771B2C5417CE009FB330 /* Debug */ = {
			isa = XCBuildConfiguration;
			buildSettings = {
				ALWAYS_SEARCH_USER_PATHS = NO;
				ASSETCATALOG_COMPILER_GENERATE_SWIFT_ASSET_SYMBOL_EXTENSIONS = YES;
				CLANG_ANALYZER_NONNULL = YES;
				CLANG_ANALYZER_NUMBER_OBJECT_CONVERSION = YES_AGGRESSIVE;
				CLANG_CXX_LANGUAGE_STANDARD = "gnu++20";
				CLANG_ENABLE_MODULES = YES;
				CLANG_ENABLE_OBJC_ARC = YES;
				CLANG_ENABLE_OBJC_WEAK = YES;
				CLANG_WARN_BLOCK_CAPTURE_AUTORELEASING = YES;
				CLANG_WARN_BOOL_CONVERSION = YES;
				CLANG_WARN_COMMA = YES;
				CLANG_WARN_CONSTANT_CONVERSION = YES;
				CLANG_WARN_DEPRECATED_OBJC_IMPLEMENTATIONS = YES;
				CLANG_WARN_DIRECT_OBJC_ISA_USAGE = YES_ERROR;
				CLANG_WARN_DOCUMENTATION_COMMENTS = YES;
				CLANG_WARN_EMPTY_BODY = YES;
				CLANG_WARN_ENUM_CONVERSION = YES;
				CLANG_WARN_INFINITE_RECURSION = YES;
				CLANG_WARN_INT_CONVERSION = YES;
				CLANG_WARN_NON_LITERAL_NULL_CONVERSION = YES;
				CLANG_WARN_OBJC_IMPLICIT_RETAIN_SELF = YES;
				CLANG_WARN_OBJC_LITERAL_CONVERSION = YES;
				CLANG_WARN_OBJC_ROOT_CLASS = YES_ERROR;
				CLANG_WARN_QUOTED_INCLUDE_IN_FRAMEWORK_HEADER = YES;
				CLANG_WARN_RANGE_LOOP_ANALYSIS = YES;
				CLANG_WARN_STRICT_PROTOTYPES = YES;
				CLANG_WARN_SUSPICIOUS_MOVE = YES;
				CLANG_WARN_UNGUARDED_AVAILABILITY = YES_AGGRESSIVE;
				CLANG_WARN_UNREACHABLE_CODE = YES;
				CLANG_WARN__DUPLICATE_METHOD_MATCH = YES;
				COPY_PHASE_STRIP = NO;
				DEBUG_INFORMATION_FORMAT = dwarf;
				ENABLE_STRICT_OBJC_MSGSEND = YES;
				ENABLE_TESTABILITY = YES;
				ENABLE_USER_SCRIPT_SANDBOXING = YES;
				GCC_C_LANGUAGE_STANDARD = gnu17;
				GCC_DYNAMIC_NO_PIC = NO;
				GCC_NO_COMMON_BLOCKS = YES;
				GCC_OPTIMIZATION_LEVEL = 0;
				GCC_PREPROCESSOR_DEFINITIONS = (
					"DEBUG=1",
					"$(inherited)",
				);
				GCC_WARN_64_TO_32_BIT_CONVERSION = YES;
				GCC_WARN_ABOUT_RETURN_TYPE = YES_ERROR;
				GCC_WARN_UNDECLARED_SELECTOR = YES;
				GCC_WARN_UNINITIALIZED_AUTOS = YES_AGGRESSIVE;
				GCC_WARN_UNUSED_FUNCTION = YES;
				GCC_WARN_UNUSED_VARIABLE = YES;
				IPHONEOS_DEPLOYMENT_TARGET = 17.5;
				LOCALIZATION_PREFERS_STRING_CATALOGS = YES;
				MTL_ENABLE_DEBUG_INFO = INCLUDE_SOURCE;
				MTL_FAST_MATH = YES;
				ONLY_ACTIVE_ARCH = YES;
				SDKROOT = iphoneos;
				SWIFT_ACTIVE_COMPILATION_CONDITIONS = "DEBUG $(inherited)";
				SWIFT_OPTIMIZATION_LEVEL = "-Onone";
			};
			name = Debug;
		};
		BDFD771C2C5417CE009FB330 /* Release */ = {
			isa = XCBuildConfiguration;
			buildSettings = {
				ALWAYS_SEARCH_USER_PATHS = NO;
				ASSETCATALOG_COMPILER_GENERATE_SWIFT_ASSET_SYMBOL_EXTENSIONS = YES;
				CLANG_ANALYZER_NONNULL = YES;
				CLANG_ANALYZER_NUMBER_OBJECT_CONVERSION = YES_AGGRESSIVE;
				CLANG_CXX_LANGUAGE_STANDARD = "gnu++20";
				CLANG_ENABLE_MODULES = YES;
				CLANG_ENABLE_OBJC_ARC = YES;
				CLANG_ENABLE_OBJC_WEAK = YES;
				CLANG_WARN_BLOCK_CAPTURE_AUTORELEASING = YES;
				CLANG_WARN_BOOL_CONVERSION = YES;
				CLANG_WARN_COMMA = YES;
				CLANG_WARN_CONSTANT_CONVERSION = YES;
				CLANG_WARN_DEPRECATED_OBJC_IMPLEMENTATIONS = YES;
				CLANG_WARN_DIRECT_OBJC_ISA_USAGE = YES_ERROR;
				CLANG_WARN_DOCUMENTATION_COMMENTS = YES;
				CLANG_WARN_EMPTY_BODY = YES;
				CLANG_WARN_ENUM_CONVERSION = YES;
				CLANG_WARN_INFINITE_RECURSION = YES;
				CLANG_WARN_INT_CONVERSION = YES;
				CLANG_WARN_NON_LITERAL_NULL_CONVERSION = YES;
				CLANG_WARN_OBJC_IMPLICIT_RETAIN_SELF = YES;
				CLANG_WARN_OBJC_LITERAL_CONVERSION = YES;
				CLANG_WARN_OBJC_ROOT_CLASS = YES_ERROR;
				CLANG_WARN_QUOTED_INCLUDE_IN_FRAMEWORK_HEADER = YES;
				CLANG_WARN_RANGE_LOOP_ANALYSIS = YES;
				CLANG_WARN_STRICT_PROTOTYPES = YES;
				CLANG_WARN_SUSPICIOUS_MOVE = YES;
				CLANG_WARN_UNGUARDED_AVAILABILITY = YES_AGGRESSIVE;
				CLANG_WARN_UNREACHABLE_CODE = YES;
				CLANG_WARN__DUPLICATE_METHOD_MATCH = YES;
				COPY_PHASE_STRIP = NO;
				DEBUG_INFORMATION_FORMAT = "dwarf-with-dsym";
				ENABLE_NS_ASSERTIONS = NO;
				ENABLE_STRICT_OBJC_MSGSEND = YES;
				ENABLE_USER_SCRIPT_SANDBOXING = YES;
				GCC_C_LANGUAGE_STANDARD = gnu17;
				GCC_NO_COMMON_BLOCKS = YES;
				GCC_WARN_64_TO_32_BIT_CONVERSION = YES;
				GCC_WARN_ABOUT_RETURN_TYPE = YES_ERROR;
				GCC_WARN_UNDECLARED_SELECTOR = YES;
				GCC_WARN_UNINITIALIZED_AUTOS = YES_AGGRESSIVE;
				GCC_WARN_UNUSED_FUNCTION = YES;
				GCC_WARN_UNUSED_VARIABLE = YES;
				IPHONEOS_DEPLOYMENT_TARGET = 17.5;
				LOCALIZATION_PREFERS_STRING_CATALOGS = YES;
				MTL_ENABLE_DEBUG_INFO = NO;
				MTL_FAST_MATH = YES;
				SDKROOT = iphoneos;
				SWIFT_COMPILATION_MODE = wholemodule;
				VALIDATE_PRODUCT = YES;
			};
			name = Release;
		};
		BDFD771E2C5417CE009FB330 /* Debug */ = {
			isa = XCBuildConfiguration;
			buildSettings = {
				ASSETCATALOG_COMPILER_APPICON_NAME = AppIcon;
				ASSETCATALOG_COMPILER_GLOBAL_ACCENT_COLOR_NAME = AccentColor;
				CODE_SIGN_STYLE = Automatic;
				CURRENT_PROJECT_VERSION = 1;
				DEVELOPMENT_ASSET_PATHS = "\"Navigational/Preview Content\"";
				ENABLE_PREVIEWS = YES;
				GENERATE_INFOPLIST_FILE = YES;
				INFOPLIST_KEY_UIApplicationSceneManifest_Generation = YES;
				INFOPLIST_KEY_UIApplicationSupportsIndirectInputEvents = YES;
				INFOPLIST_KEY_UILaunchScreen_Generation = YES;
				INFOPLIST_KEY_UISupportedInterfaceOrientations_iPad = "UIInterfaceOrientationPortrait UIInterfaceOrientationPortraitUpsideDown UIInterfaceOrientationLandscapeLeft UIInterfaceOrientationLandscapeRight";
				INFOPLIST_KEY_UISupportedInterfaceOrientations_iPhone = "UIInterfaceOrientationPortrait UIInterfaceOrientationLandscapeLeft UIInterfaceOrientationLandscapeRight";
				LD_RUNPATH_SEARCH_PATHS = (
					"$(inherited)",
					"@executable_path/Frameworks",
				);
				MARKETING_VERSION = 1.0;
				PRODUCT_BUNDLE_IDENTIFIER = KWK.Navigational;
				PRODUCT_NAME = "$(TARGET_NAME)";
				SWIFT_EMIT_LOC_STRINGS = YES;
				SWIFT_VERSION = 5.0;
				TARGETED_DEVICE_FAMILY = "1,2";
			};
			name = Debug;
		};
		BDFD771F2C5417CE009FB330 /* Release */ = {
			isa = XCBuildConfiguration;
			buildSettings = {
				ASSETCATALOG_COMPILER_APPICON_NAME = AppIcon;
				ASSETCATALOG_COMPILER_GLOBAL_ACCENT_COLOR_NAME = AccentColor;
				CODE_SIGN_STYLE = Automatic;
				CURRENT_PROJECT_VERSION = 1;
				DEVELOPMENT_ASSET_PATHS = "\"Navigational/Preview Content\"";
				ENABLE_PREVIEWS = YES;
				GENERATE_INFOPLIST_FILE = YES;
				INFOPLIST_KEY_UIApplicationSceneManifest_Generation = YES;
				INFOPLIST_KEY_UIApplicationSupportsIndirectInputEvents = YES;
				INFOPLIST_KEY_UILaunchScreen_Generation = YES;
				INFOPLIST_KEY_UISupportedInterfaceOrientations_iPad = "UIInterfaceOrientationPortrait UIInterfaceOrientationPortraitUpsideDown UIInterfaceOrientationLandscapeLeft UIInterfaceOrientationLandscapeRight";
				INFOPLIST_KEY_UISupportedInterfaceOrientations_iPhone = "UIInterfaceOrientationPortrait UIInterfaceOrientationLandscapeLeft UIInterfaceOrientationLandscapeRight";
				LD_RUNPATH_SEARCH_PATHS = (
					"$(inherited)",
					"@executable_path/Frameworks",
				);
				MARKETING_VERSION = 1.0;
				PRODUCT_BUNDLE_IDENTIFIER = KWK.Navigational;
				PRODUCT_NAME = "$(TARGET_NAME)";
				SWIFT_EMIT_LOC_STRINGS = YES;
				SWIFT_VERSION = 5.0;
				TARGETED_DEVICE_FAMILY = "1,2";
			};
			name = Release;
		};
		BDFD77212C5417CE009FB330 /* Debug */ = {
			isa = XCBuildConfiguration;
			buildSettings = {
				ALWAYS_EMBED_SWIFT_STANDARD_LIBRARIES = YES;
				BUNDLE_LOADER = "$(TEST_HOST)";
				CODE_SIGN_STYLE = Automatic;
				CURRENT_PROJECT_VERSION = 1;
				GENERATE_INFOPLIST_FILE = YES;
				IPHONEOS_DEPLOYMENT_TARGET = 17.5;
				MARKETING_VERSION = 1.0;
				PRODUCT_BUNDLE_IDENTIFIER = KWK.NavigationalTests;
				PRODUCT_NAME = "$(TARGET_NAME)";
				SWIFT_EMIT_LOC_STRINGS = NO;
				SWIFT_VERSION = 5.0;
				TARGETED_DEVICE_FAMILY = "1,2";
				TEST_HOST = "$(BUILT_PRODUCTS_DIR)/Navigational.app/$(BUNDLE_EXECUTABLE_FOLDER_PATH)/Navigational";
			};
			name = Debug;
		};
		BDFD77222C5417CE009FB330 /* Release */ = {
			isa = XCBuildConfiguration;
			buildSettings = {
				ALWAYS_EMBED_SWIFT_STANDARD_LIBRARIES = YES;
				BUNDLE_LOADER = "$(TEST_HOST)";
				CODE_SIGN_STYLE = Automatic;
				CURRENT_PROJECT_VERSION = 1;
				GENERATE_INFOPLIST_FILE = YES;
				IPHONEOS_DEPLOYMENT_TARGET = 17.5;
				MARKETING_VERSION = 1.0;
				PRODUCT_BUNDLE_IDENTIFIER = KWK.NavigationalTests;
				PRODUCT_NAME = "$(TARGET_NAME)";
				SWIFT_EMIT_LOC_STRINGS = NO;
				SWIFT_VERSION = 5.0;
				TARGETED_DEVICE_FAMILY = "1,2";
				TEST_HOST = "$(BUILT_PRODUCTS_DIR)/Navigational.app/$(BUNDLE_EXECUTABLE_FOLDER_PATH)/Navigational";
			};
			name = Release;
		};
		BDFD77242C5417CE009FB330 /* Debug */ = {
			isa = XCBuildConfiguration;
			buildSettings = {
				ALWAYS_EMBED_SWIFT_STANDARD_LIBRARIES = YES;
				CODE_SIGN_STYLE = Automatic;
				CURRENT_PROJECT_VERSION = 1;
				GENERATE_INFOPLIST_FILE = YES;
				MARKETING_VERSION = 1.0;
				PRODUCT_BUNDLE_IDENTIFIER = KWK.NavigationalUITests;
				PRODUCT_NAME = "$(TARGET_NAME)";
				SWIFT_EMIT_LOC_STRINGS = NO;
				SWIFT_VERSION = 5.0;
				TARGETED_DEVICE_FAMILY = "1,2";
				TEST_TARGET_NAME = Navigational;
			};
			name = Debug;
		};
		BDFD77252C5417CE009FB330 /* Release */ = {
			isa = XCBuildConfiguration;
			buildSettings = {
				ALWAYS_EMBED_SWIFT_STANDARD_LIBRARIES = YES;
				CODE_SIGN_STYLE = Automatic;
				CURRENT_PROJECT_VERSION = 1;
				GENERATE_INFOPLIST_FILE = YES;
				MARKETING_VERSION = 1.0;
				PRODUCT_BUNDLE_IDENTIFIER = KWK.NavigationalUITests;
				PRODUCT_NAME = "$(TARGET_NAME)";
				SWIFT_EMIT_LOC_STRINGS = NO;
				SWIFT_VERSION = 5.0;
				TARGETED_DEVICE_FAMILY = "1,2";
				TEST_TARGET_NAME = Navigational;
			};
			name = Release;
		};
/* End XCBuildConfiguration section */

/* Begin XCConfigurationList section */
		BDFD76F42C5417CC009FB330 /* Build configuration list for PBXProject "Navigational" */ = {
			isa = XCConfigurationList;
			buildConfigurations = (
				BDFD771B2C5417CE009FB330 /* Debug */,
				BDFD771C2C5417CE009FB330 /* Release */,
			);
			defaultConfigurationIsVisible = 0;
			defaultConfigurationName = Release;
		};
		BDFD771D2C5417CE009FB330 /* Build configuration list for PBXNativeTarget "Navigational" */ = {
			isa = XCConfigurationList;
			buildConfigurations = (
				BDFD771E2C5417CE009FB330 /* Debug */,
				BDFD771F2C5417CE009FB330 /* Release */,
			);
			defaultConfigurationIsVisible = 0;
			defaultConfigurationName = Release;
		};
		BDFD77202C5417CE009FB330 /* Build configuration list for PBXNativeTarget "NavigationalTests" */ = {
			isa = XCConfigurationList;
			buildConfigurations = (
				BDFD77212C5417CE009FB330 /* Debug */,
				BDFD77222C5417CE009FB330 /* Release */,
			);
			defaultConfigurationIsVisible = 0;
			defaultConfigurationName = Release;
		};
		BDFD77232C5417CE009FB330 /* Build configuration list for PBXNativeTarget "NavigationalUITests" */ = {
			isa = XCConfigurationList;
			buildConfigurations = (
				BDFD77242C5417CE009FB330 /* Debug */,
				BDFD77252C5417CE009FB330 /* Release */,
			);
			defaultConfigurationIsVisible = 0;
			defaultConfigurationName = Release;
		};
/* End XCConfigurationList section */
	};
	rootObject = BDFD76F12C5417CC009FB330 /* Project object */;
}
